
Microsoft Visual Studio Solution File, Format Version 12.00
# Visual Studio Version 17
VisualStudioVersion = 17.4.33122.133
MinimumVisualStudioVersion = 10.0.40219.1
Project("{9A19103F-16F7-4668-BE54-9A1E7A4F7556}") = "BirthdayList", "BirthdayList.csproj", "{4D9A0E09-2229-4699-9B23-7DF21FD9CBDD}"
EndProject
Global
	GlobalSection(SolutionConfigurationPlatforms) = preSolution
		Debug|Any CPU = Debug|Any CPU
		Release|Any CPU = Release|Any CPU
	EndGlobalSection
	GlobalSection(ProjectConfigurationPlatforms) = postSolution
		{4D9A0E09-2229-4699-9B23-7DF21FD9CBDD}.Debug|Any CPU.ActiveCfg = Debug|Any CPU
		{4D9A0E09-2229-4699-9B23-7DF21FD9CBDD}.Debug|Any CPU.Build.0 = Debug|Any CPU
		{4D9A0E09-2229-4699-9B23-7DF21FD9CBDD}.Release|Any CPU.ActiveCfg = Release|Any CPU
		{4D9A0E09-2229-4699-9B23-7DF21FD9CBDD}.Release|Any CPU.Build.0 = Release|Any CPU
	EndGlobalSection
	GlobalSection(SolutionProperties) = preSolution
		HideSolutionNode = FALSE
	EndGlobalSection
	GlobalSection(ExtensibilityGlobals) = postSolution
		SolutionGuid = {7572FA6E-CC31-4260-AA4B-E832237C4CE1}
	EndGlobalSection
EndGlobal
